
Microsoft Visual Studio Solution File, Format Version 12.00
# Visual Studio Version 16
VisualStudioVersion = 16.0.29215.179
MinimumVisualStudioVersion = 10.0.40219.1
Project("{FAE04EC0-301F-11D3-BF4B-00C04F79EFBC}") = "testParma", "testParma\testParma.csproj", "{D3DE8E52-B981-40A7-A033-CB73711365F2}"
EndProject
Global
	GlobalSection(SolutionConfigurationPlatforms) = preSolution
		Debug|Any CPU = Debug|Any CPU
		Release|Any CPU = Release|Any CPU
	EndGlobalSection
	GlobalSection(ProjectConfigurationPlatforms) = postSolution
		{D3DE8E52-B981-40A7-A033-CB73711365F2}.Debug|Any CPU.ActiveCfg = Debug|Any CPU
		{D3DE8E52-B981-40A7-A033-CB73711365F2}.Debug|Any CPU.Build.0 = Debug|Any CPU
		{D3DE8E52-B981-40A7-A033-CB73711365F2}.Release|Any CPU.ActiveCfg = Release|Any CPU
		{D3DE8E52-B981-40A7-A033-CB73711365F2}.Release|Any CPU.Build.0 = Release|Any CPU
	EndGlobalSection
	GlobalSection(SolutionProperties) = preSolution
		HideSolutionNode = FALSE
	EndGlobalSection
	GlobalSection(ExtensibilityGlobals) = postSolution
		SolutionGuid = {E085AA4B-F9D8-45D2-85C5-0B99A8A58BDE}
	EndGlobalSection
EndGlobal
